<Solution>
  <Configurations>
    <Platform Name="Any CPU" />
    <Platform Name="x64" />
    <Platform Name="x86" />
  </Configurations>
  <Project Path="Sang.AspNetCore.RoleBasedAuthorization.Tests/Sang.AspNetCore.RoleBasedAuthorization.Tests.csproj" />
  <Project Path="Sang.AspNetCore.RoleBasedAuthorization/Sang.AspNetCore.RoleBasedAuthorization.csproj" />
  <Project Path="TestDemo/TestDemo.csproj" />
</Solution>
