
Microsoft Visual Studio Solution File, Format Version 12.00
# Visual Studio Version 17
VisualStudioVersion = 17.3.32922.545
MinimumVisualStudioVersion = 10.0.40219.1
Project("{9A19103F-16F7-4668-BE54-9A1E7A4F7556}") = "Sang.AspNetCore.RoleBasedAuthorization", "Sang.AspNetCore.RoleBasedAuthorization\Sang.AspNetCore.RoleBasedAuthorization.csproj", "{B12A32AC-0024-4FED-A88D-FA83F9BFCB81}"
EndProject
Project("{9A19103F-16F7-4668-BE54-9A1E7A4F7556}") = "TestDemo", "TestDemo\TestDemo.csproj", "{796B8D40-6396-49FA-B2B2-299FF55D3B9C}"
EndProject
Project("{FAE04EC0-301F-11D3-BF4B-00C04F79EFBC}") = "Sang.AspNetCore.RoleBasedAuthorization.Tests", "Sang.AspNetCore.RoleBasedAuthorization.Tests\Sang.AspNetCore.RoleBasedAuthorization.Tests.csproj", "{3D79BDE9-082B-47AD-93C3-AD3037D1921A}"
EndProject
Global
	GlobalSection(SolutionConfigurationPlatforms) = preSolution
		Debug|Any CPU = Debug|Any CPU
		Debug|x64 = Debug|x64
		Debug|x86 = Debug|x86
		Release|Any CPU = Release|Any CPU
		Release|x64 = Release|x64
		Release|x86 = Release|x86
	EndGlobalSection
	GlobalSection(ProjectConfigurationPlatforms) = postSolution
		{B12A32AC-0024-4FED-A88D-FA83F9BFCB81}.Debug|Any CPU.ActiveCfg = Debug|Any CPU
		{B12A32AC-0024-4FED-A88D-FA83F9BFCB81}.Debug|Any CPU.Build.0 = Debug|Any CPU
		{B12A32AC-0024-4FED-A88D-FA83F9BFCB81}.Debug|x64.ActiveCfg = Debug|Any CPU
		{B12A32AC-0024-4FED-A88D-FA83F9BFCB81}.Debug|x64.Build.0 = Debug|Any CPU
		{B12A32AC-0024-4FED-A88D-FA83F9BFCB81}.Debug|x86.ActiveCfg = Debug|Any CPU
		{B12A32AC-0024-4FED-A88D-FA83F9BFCB81}.Debug|x86.Build.0 = Debug|Any CPU
		{B12A32AC-0024-4FED-A88D-FA83F9BFCB81}.Release|Any CPU.ActiveCfg = Release|Any CPU
		{B12A32AC-0024-4FED-A88D-FA83F9BFCB81}.Release|Any CPU.Build.0 = Release|Any CPU
		{B12A32AC-0024-4FED-A88D-FA83F9BFCB81}.Release|x64.ActiveCfg = Release|Any CPU
		{B12A32AC-0024-4FED-A88D-FA83F9BFCB81}.Release|x64.Build.0 = Release|Any CPU
		{B12A32AC-0024-4FED-A88D-FA83F9BFCB81}.Release|x86.ActiveCfg = Release|Any CPU
		{B12A32AC-0024-4FED-A88D-FA83F9BFCB81}.Release|x86.Build.0 = Release|Any CPU
		{796B8D40-6396-49FA-B2B2-299FF55D3B9C}.Debug|Any CPU.ActiveCfg = Debug|Any CPU
		{796B8D40-6396-49FA-B2B2-299FF55D3B9C}.Debug|Any CPU.Build.0 = Debug|Any CPU
		{796B8D40-6396-49FA-B2B2-299FF55D3B9C}.Debug|x64.ActiveCfg = Debug|Any CPU
		{796B8D40-6396-49FA-B2B2-299FF55D3B9C}.Debug|x64.Build.0 = Debug|Any CPU
		{796B8D40-6396-49FA-B2B2-299FF55D3B9C}.Debug|x86.ActiveCfg = Debug|Any CPU
		{796B8D40-6396-49FA-B2B2-299FF55D3B9C}.Debug|x86.Build.0 = Debug|Any CPU
		{796B8D40-6396-49FA-B2B2-299FF55D3B9C}.Release|Any CPU.ActiveCfg = Release|Any CPU
		{796B8D40-6396-49FA-B2B2-299FF55D3B9C}.Release|Any CPU.Build.0 = Release|Any CPU
		{796B8D40-6396-49FA-B2B2-299FF55D3B9C}.Release|x64.ActiveCfg = Release|Any CPU
		{796B8D40-6396-49FA-B2B2-299FF55D3B9C}.Release|x64.Build.0 = Release|Any CPU
		{796B8D40-6396-49FA-B2B2-299FF55D3B9C}.Release|x86.ActiveCfg = Release|Any CPU
		{796B8D40-6396-49FA-B2B2-299FF55D3B9C}.Release|x86.Build.0 = Release|Any CPU
		{3D79BDE9-082B-47AD-93C3-AD3037D1921A}.Debug|Any CPU.ActiveCfg = Debug|Any CPU
		{3D79BDE9-082B-47AD-93C3-AD3037D1921A}.Debug|Any CPU.Build.0 = Debug|Any CPU
		{3D79BDE9-082B-47AD-93C3-AD3037D1921A}.Debug|x64.ActiveCfg = Debug|Any CPU
		{3D79BDE9-082B-47AD-93C3-AD3037D1921A}.Debug|x64.Build.0 = Debug|Any CPU
		{3D79BDE9-082B-47AD-93C3-AD3037D1921A}.Debug|x86.ActiveCfg = Debug|Any CPU
		{3D79BDE9-082B-47AD-93C3-AD3037D1921A}.Debug|x86.Build.0 = Debug|Any CPU
		{3D79BDE9-082B-47AD-93C3-AD3037D1921A}.Release|Any CPU.ActiveCfg = Release|Any CPU
		{3D79BDE9-082B-47AD-93C3-AD3037D1921A}.Release|Any CPU.Build.0 = Release|Any CPU
		{3D79BDE9-082B-47AD-93C3-AD3037D1921A}.Release|x64.ActiveCfg = Release|Any CPU
		{3D79BDE9-082B-47AD-93C3-AD3037D1921A}.Release|x64.Build.0 = Release|Any CPU
		{3D79BDE9-082B-47AD-93C3-AD3037D1921A}.Release|x86.ActiveCfg = Release|Any CPU
		{3D79BDE9-082B-47AD-93C3-AD3037D1921A}.Release|x86.Build.0 = Release|Any CPU
	EndGlobalSection
	GlobalSection(SolutionProperties) = preSolution
		HideSolutionNode = FALSE
	EndGlobalSection
	GlobalSection(ExtensibilityGlobals) = postSolution
		SolutionGuid = {9F15FFF6-A13A-49FD-B178-1A6B2FD3092F}
	EndGlobalSection
EndGlobal
